
Microsoft Visual Studio Solution File, Format Version 12.00
# Visual Studio Version 17
VisualStudioVersion = 17.4.33103.184
MinimumVisualStudioVersion = 10.0.40219.1
Project("{FAE04EC0-301F-11D3-BF4B-00C04F79EFBC}") = "OddService", "OddService\OddService.csproj", "{D1CA10B7-F056-47A1-AA2C-52C8E093771E}"
EndProject
Project("{FAE04EC0-301F-11D3-BF4B-00C04F79EFBC}") = "OddServiceTests", "OddServiceTests\OddServiceTests.csproj", "{ED411B81-5231-472E-BF1E-3FADF704EA9F}"
EndProject
Project("{FAE04EC0-301F-11D3-BF4B-00C04F79EFBC}") = "DdepencyInversionGood", "DdepencyInversionGood\DdepencyInversionGood.csproj", "{4F5F4996-57FF-4FF1-9EBB-D4E8167BE891}"
EndProject
Global
	GlobalSection(SolutionConfigurationPlatforms) = preSolution
		Debug|Any CPU = Debug|Any CPU
		Release|Any CPU = Release|Any CPU
	EndGlobalSection
	GlobalSection(ProjectConfigurationPlatforms) = postSolution
		{D1CA10B7-F056-47A1-AA2C-52C8E093771E}.Debug|Any CPU.ActiveCfg = Debug|Any CPU
		{D1CA10B7-F056-47A1-AA2C-52C8E093771E}.Debug|Any CPU.Build.0 = Debug|Any CPU
		{D1CA10B7-F056-47A1-AA2C-52C8E093771E}.Release|Any CPU.ActiveCfg = Release|Any CPU
		{D1CA10B7-F056-47A1-AA2C-52C8E093771E}.Release|Any CPU.Build.0 = Release|Any CPU
		{ED411B81-5231-472E-BF1E-3FADF704EA9F}.Debug|Any CPU.ActiveCfg = Debug|Any CPU
		{ED411B81-5231-472E-BF1E-3FADF704EA9F}.Debug|Any CPU.Build.0 = Debug|Any CPU
		{ED411B81-5231-472E-BF1E-3FADF704EA9F}.Release|Any CPU.ActiveCfg = Release|Any CPU
		{ED411B81-5231-472E-BF1E-3FADF704EA9F}.Release|Any CPU.Build.0 = Release|Any CPU
		{4F5F4996-57FF-4FF1-9EBB-D4E8167BE891}.Debug|Any CPU.ActiveCfg = Debug|Any CPU
		{4F5F4996-57FF-4FF1-9EBB-D4E8167BE891}.Debug|Any CPU.Build.0 = Debug|Any CPU
		{4F5F4996-57FF-4FF1-9EBB-D4E8167BE891}.Release|Any CPU.ActiveCfg = Release|Any CPU
		{4F5F4996-57FF-4FF1-9EBB-D4E8167BE891}.Release|Any CPU.Build.0 = Release|Any CPU
	EndGlobalSection
	GlobalSection(SolutionProperties) = preSolution
		HideSolutionNode = FALSE
	EndGlobalSection
	GlobalSection(ExtensibilityGlobals) = postSolution
		SolutionGuid = {9F578B2C-AFA6-4BD2-92C5-EFD726DE9707}
	EndGlobalSection
EndGlobal
